
Microsoft Visual Studio Solution File, Format Version 12.00
# Visual Studio Version 17
VisualStudioVersion = 17.13.35806.99 d17.13
MinimumVisualStudioVersion = 10.0.40219.1
Project("{FAE04EC0-301F-11D3-BF4B-00C04F79EFBC}") = "WebAPI", "WebAPI\WebAPI.csproj", "{1C5DFD66-5D53-47C5-8D09-A1266D737FE1}"
EndProject
Global
	GlobalSection(SolutionConfigurationPlatforms) = preSolution
		Debug|Any CPU = Debug|Any CPU
		Release|Any CPU = Release|Any CPU
	EndGlobalSection
	GlobalSection(ProjectConfigurationPlatforms) = postSolution
		{1C5DFD66-5D53-47C5-8D09-A1266D737FE1}.Debug|Any CPU.ActiveCfg = Debug|Any CPU
		{1C5DFD66-5D53-47C5-8D09-A1266D737FE1}.Debug|Any CPU.Build.0 = Debug|Any CPU
		{1C5DFD66-5D53-47C5-8D09-A1266D737FE1}.Release|Any CPU.ActiveCfg = Release|Any CPU
		{1C5DFD66-5D53-47C5-8D09-A1266D737FE1}.Release|Any CPU.Build.0 = Release|Any CPU
	EndGlobalSection
	GlobalSection(SolutionProperties) = preSolution
		HideSolutionNode = FALSE
	EndGlobalSection
	GlobalSection(ExtensibilityGlobals) = postSolution
		SolutionGuid = {88CA466D-5B97-4292-85D1-8C196E28D907}
	EndGlobalSection
EndGlobal
